
Microsoft Visual Studio Solution File, Format Version 12.00
# Visual Studio 15
VisualStudioVersion = 15.0.26730.16
MinimumVisualStudioVersion = 10.0.40219.1
Project("{FAE04EC0-301F-11D3-BF4B-00C04F79EFBC}") = "DL.Common.Tests", "DL.Common.Tests\DL.Common.Tests.csproj", "{8ED638A5-A664-4790-8911-04FF0B148BEC}"
EndProject
Project("{9A19103F-16F7-4668-BE54-9A1E7A4F7556}") = "DL.Common", "DL.Common\DL.Common.csproj", "{67349880-F896-484B-999C-755C018888FE}"
EndProject
Global
	GlobalSection(SolutionConfigurationPlatforms) = preSolution
		Debug|Any CPU = Debug|Any CPU
		Release|Any CPU = Release|Any CPU
	EndGlobalSection
	GlobalSection(ProjectConfigurationPlatforms) = postSolution
		{8ED638A5-A664-4790-8911-04FF0B148BEC}.Debug|Any CPU.ActiveCfg = Debug|Any CPU
		{8ED638A5-A664-4790-8911-04FF0B148BEC}.Debug|Any CPU.Build.0 = Debug|Any CPU
		{8ED638A5-A664-4790-8911-04FF0B148BEC}.Release|Any CPU.ActiveCfg = Release|Any CPU
		{8ED638A5-A664-4790-8911-04FF0B148BEC}.Release|Any CPU.Build.0 = Release|Any CPU
		{67349880-F896-484B-999C-755C018888FE}.Debug|Any CPU.ActiveCfg = Debug|Any CPU
		{67349880-F896-484B-999C-755C018888FE}.Debug|Any CPU.Build.0 = Debug|Any CPU
		{67349880-F896-484B-999C-755C018888FE}.Release|Any CPU.ActiveCfg = Release|Any CPU
		{67349880-F896-484B-999C-755C018888FE}.Release|Any CPU.Build.0 = Release|Any CPU
	EndGlobalSection
	GlobalSection(SolutionProperties) = preSolution
		HideSolutionNode = FALSE
	EndGlobalSection
	GlobalSection(ExtensibilityGlobals) = postSolution
		SolutionGuid = {86F24DB4-4BAA-44A9-8A59-08AB826C7CB8}
	EndGlobalSection
EndGlobal
