
Microsoft Visual Studio Solution File, Format Version 12.00
# Visual Studio Version 16
VisualStudioVersion = 16.0.30204.135
MinimumVisualStudioVersion = 10.0.40219.1
Project("{FAE04EC0-301F-11D3-BF4B-00C04F79EFBC}") = "JK.Common.EntityFrameworkCore", "JK.Common.EntityFrameworkCore\JK.Common.EntityFrameworkCore.csproj", "{56086FF5-C11E-4C97-B5CD-814BE64D0D7C}"
EndProject
Project("{9A19103F-16F7-4668-BE54-9A1E7A4F7556}") = "JK.Common.EntityFrameworkCore.SqlServer", "JK.Common.EntityFrameworkCore.SqlServer\JK.Common.EntityFrameworkCore.SqlServer.csproj", "{B3279841-355F-4759-AD43-E1362523505E}"
EndProject
Global
	GlobalSection(SolutionConfigurationPlatforms) = preSolution
		Debug|Any CPU = Debug|Any CPU
		Release|Any CPU = Release|Any CPU
	EndGlobalSection
	GlobalSection(ProjectConfigurationPlatforms) = postSolution
		{56086FF5-C11E-4C97-B5CD-814BE64D0D7C}.Debug|Any CPU.ActiveCfg = Debug|Any CPU
		{56086FF5-C11E-4C97-B5CD-814BE64D0D7C}.Debug|Any CPU.Build.0 = Debug|Any CPU
		{56086FF5-C11E-4C97-B5CD-814BE64D0D7C}.Release|Any CPU.ActiveCfg = Release|Any CPU
		{56086FF5-C11E-4C97-B5CD-814BE64D0D7C}.Release|Any CPU.Build.0 = Release|Any CPU
		{B3279841-355F-4759-AD43-E1362523505E}.Debug|Any CPU.ActiveCfg = Debug|Any CPU
		{B3279841-355F-4759-AD43-E1362523505E}.Debug|Any CPU.Build.0 = Debug|Any CPU
		{B3279841-355F-4759-AD43-E1362523505E}.Release|Any CPU.ActiveCfg = Release|Any CPU
		{B3279841-355F-4759-AD43-E1362523505E}.Release|Any CPU.Build.0 = Release|Any CPU
	EndGlobalSection
	GlobalSection(SolutionProperties) = preSolution
		HideSolutionNode = FALSE
	EndGlobalSection
	GlobalSection(ExtensibilityGlobals) = postSolution
		SolutionGuid = {D9703BB2-F16B-43BB-85CB-68755A0500F5}
	EndGlobalSection
EndGlobal
