
Microsoft Visual Studio Solution File, Format Version 12.00
# Visual Studio 14
VisualStudioVersion = 14.0.25420.1
MinimumVisualStudioVersion = 10.0.40219.1
Project("{FAE04EC0-301F-11D3-BF4B-00C04F79EFBC}") = "DL.Core", "DL.Core\DL.Core.csproj", "{602DDC34-06EE-4B1C-9F39-54490676086A}"
EndProject
Project("{FAE04EC0-301F-11D3-BF4B-00C04F79EFBC}") = "DL.Core.Test", "DL.Core.Test\DL.Core.Test.csproj", "{8C6FDDEA-AC7C-4DC6-9A36-D0E3A29D7278}"
EndProject
Project("{FAE04EC0-301F-11D3-BF4B-00C04F79EFBC}") = "DL.Core.Validation.Fluent", "DL.Core.Validation.Fluent\DL.Core.Validation.Fluent.csproj", "{BB8D42D3-1BAF-4E24-AD62-019288F0FDC3}"
EndProject
Project("{FAE04EC0-301F-11D3-BF4B-00C04F79EFBC}") = "DL.Core.Validation.Fluent.MsTest", "DL.Core.Validation.Fluent.MsTest\DL.Core.Validation.Fluent.MsTest.csproj", "{B0FD0B7D-D10C-4320-A150-1445535A329B}"
EndProject
Project("{FAE04EC0-301F-11D3-BF4B-00C04F79EFBC}") = "DL.Core.Web", "DL.Core.Web\DL.Core.Web.csproj", "{E83B492E-93A1-4790-AC67-E872FDA687D9}"
EndProject
Project("{FAE04EC0-301F-11D3-BF4B-00C04F79EFBC}") = "DL.Core.UI.WebForms", "DL.Core.UI.WebForms\DL.Core.UI.WebForms.csproj", "{D7F51EBB-9C17-4FFC-8183-C46C20561ECF}"
EndProject
Project("{FAE04EC0-301F-11D3-BF4B-00C04F79EFBC}") = "DL.Core.Web.Tests", "DL.Core.Web.Tests\DL.Core.Web.Tests.csproj", "{B7D6C5E4-37EF-4900-823A-7BA0E5BCBB82}"
EndProject
Project("{FAE04EC0-301F-11D3-BF4B-00C04F79EFBC}") = "DL.Core.Data.Entity", "DL.Core.Data.Entity\DL.Core.Data.Entity.csproj", "{FA66B6BE-C633-4274-B6AD-39321A64B047}"
EndProject
Project("{FAE04EC0-301F-11D3-BF4B-00C04F79EFBC}") = "DL.Core.Data.Entity.Tests", "DL.Core.Data.Entity.Tests\DL.Core.Data.Entity.Tests.csproj", "{3E548573-07F1-4CD8-BB6C-3BABAE53068C}"
EndProject
Project("{FAE04EC0-301F-11D3-BF4B-00C04F79EFBC}") = "DL.Core.Data", "DL.Core.Data\DL.Core.Data.csproj", "{D16E56CE-2DCB-4D4A-8FDF-F6604DCC0DD5}"
EndProject
Project("{FAE04EC0-301F-11D3-BF4B-00C04F79EFBC}") = "DL.Core.Data.Tests", "DL.Core.Data.Tests\DL.Core.Data.Tests.csproj", "{1A06F677-262B-4FAE-943D-A453FBE48FE3}"
EndProject
Project("{FAE04EC0-301F-11D3-BF4B-00C04F79EFBC}") = "DL.Core.UI.ConsoleApplication", "DL.Core.UI.ConsoleApplication\DL.Core.UI.ConsoleApplication.csproj", "{9CE95DB3-D520-4DD7-9A8A-13506DE6D17A}"
EndProject
Global
	GlobalSection(SolutionConfigurationPlatforms) = preSolution
		Debug|Any CPU = Debug|Any CPU
		Release|Any CPU = Release|Any CPU
	EndGlobalSection
	GlobalSection(ProjectConfigurationPlatforms) = postSolution
		{602DDC34-06EE-4B1C-9F39-54490676086A}.Debug|Any CPU.ActiveCfg = Debug|Any CPU
		{602DDC34-06EE-4B1C-9F39-54490676086A}.Debug|Any CPU.Build.0 = Debug|Any CPU
		{602DDC34-06EE-4B1C-9F39-54490676086A}.Release|Any CPU.ActiveCfg = Release|Any CPU
		{602DDC34-06EE-4B1C-9F39-54490676086A}.Release|Any CPU.Build.0 = Release|Any CPU
		{8C6FDDEA-AC7C-4DC6-9A36-D0E3A29D7278}.Debug|Any CPU.ActiveCfg = Debug|Any CPU
		{8C6FDDEA-AC7C-4DC6-9A36-D0E3A29D7278}.Debug|Any CPU.Build.0 = Debug|Any CPU
		{8C6FDDEA-AC7C-4DC6-9A36-D0E3A29D7278}.Release|Any CPU.ActiveCfg = Release|Any CPU
		{8C6FDDEA-AC7C-4DC6-9A36-D0E3A29D7278}.Release|Any CPU.Build.0 = Release|Any CPU
		{BB8D42D3-1BAF-4E24-AD62-019288F0FDC3}.Debug|Any CPU.ActiveCfg = Debug|Any CPU
		{BB8D42D3-1BAF-4E24-AD62-019288F0FDC3}.Debug|Any CPU.Build.0 = Debug|Any CPU
		{BB8D42D3-1BAF-4E24-AD62-019288F0FDC3}.Release|Any CPU.ActiveCfg = Release|Any CPU
		{BB8D42D3-1BAF-4E24-AD62-019288F0FDC3}.Release|Any CPU.Build.0 = Release|Any CPU
		{B0FD0B7D-D10C-4320-A150-1445535A329B}.Debug|Any CPU.ActiveCfg = Debug|Any CPU
		{B0FD0B7D-D10C-4320-A150-1445535A329B}.Debug|Any CPU.Build.0 = Debug|Any CPU
		{B0FD0B7D-D10C-4320-A150-1445535A329B}.Release|Any CPU.ActiveCfg = Release|Any CPU
		{B0FD0B7D-D10C-4320-A150-1445535A329B}.Release|Any CPU.Build.0 = Release|Any CPU
		{E83B492E-93A1-4790-AC67-E872FDA687D9}.Debug|Any CPU.ActiveCfg = Debug|Any CPU
		{E83B492E-93A1-4790-AC67-E872FDA687D9}.Debug|Any CPU.Build.0 = Debug|Any CPU
		{E83B492E-93A1-4790-AC67-E872FDA687D9}.Release|Any CPU.ActiveCfg = Release|Any CPU
		{E83B492E-93A1-4790-AC67-E872FDA687D9}.Release|Any CPU.Build.0 = Release|Any CPU
		{D7F51EBB-9C17-4FFC-8183-C46C20561ECF}.Debug|Any CPU.ActiveCfg = Debug|Any CPU
		{D7F51EBB-9C17-4FFC-8183-C46C20561ECF}.Debug|Any CPU.Build.0 = Debug|Any CPU
		{D7F51EBB-9C17-4FFC-8183-C46C20561ECF}.Release|Any CPU.ActiveCfg = Release|Any CPU
		{D7F51EBB-9C17-4FFC-8183-C46C20561ECF}.Release|Any CPU.Build.0 = Release|Any CPU
		{B7D6C5E4-37EF-4900-823A-7BA0E5BCBB82}.Debug|Any CPU.ActiveCfg = Debug|Any CPU
		{B7D6C5E4-37EF-4900-823A-7BA0E5BCBB82}.Debug|Any CPU.Build.0 = Debug|Any CPU
		{B7D6C5E4-37EF-4900-823A-7BA0E5BCBB82}.Release|Any CPU.ActiveCfg = Release|Any CPU
		{B7D6C5E4-37EF-4900-823A-7BA0E5BCBB82}.Release|Any CPU.Build.0 = Release|Any CPU
		{FA66B6BE-C633-4274-B6AD-39321A64B047}.Debug|Any CPU.ActiveCfg = Debug|Any CPU
		{FA66B6BE-C633-4274-B6AD-39321A64B047}.Debug|Any CPU.Build.0 = Debug|Any CPU
		{FA66B6BE-C633-4274-B6AD-39321A64B047}.Release|Any CPU.ActiveCfg = Release|Any CPU
		{FA66B6BE-C633-4274-B6AD-39321A64B047}.Release|Any CPU.Build.0 = Release|Any CPU
		{3E548573-07F1-4CD8-BB6C-3BABAE53068C}.Debug|Any CPU.ActiveCfg = Debug|Any CPU
		{3E548573-07F1-4CD8-BB6C-3BABAE53068C}.Debug|Any CPU.Build.0 = Debug|Any CPU
		{3E548573-07F1-4CD8-BB6C-3BABAE53068C}.Release|Any CPU.ActiveCfg = Release|Any CPU
		{3E548573-07F1-4CD8-BB6C-3BABAE53068C}.Release|Any CPU.Build.0 = Release|Any CPU
		{D16E56CE-2DCB-4D4A-8FDF-F6604DCC0DD5}.Debug|Any CPU.ActiveCfg = Debug|Any CPU
		{D16E56CE-2DCB-4D4A-8FDF-F6604DCC0DD5}.Debug|Any CPU.Build.0 = Debug|Any CPU
		{D16E56CE-2DCB-4D4A-8FDF-F6604DCC0DD5}.Release|Any CPU.ActiveCfg = Release|Any CPU
		{D16E56CE-2DCB-4D4A-8FDF-F6604DCC0DD5}.Release|Any CPU.Build.0 = Release|Any CPU
		{1A06F677-262B-4FAE-943D-A453FBE48FE3}.Debug|Any CPU.ActiveCfg = Debug|Any CPU
		{1A06F677-262B-4FAE-943D-A453FBE48FE3}.Debug|Any CPU.Build.0 = Debug|Any CPU
		{1A06F677-262B-4FAE-943D-A453FBE48FE3}.Release|Any CPU.ActiveCfg = Release|Any CPU
		{1A06F677-262B-4FAE-943D-A453FBE48FE3}.Release|Any CPU.Build.0 = Release|Any CPU
		{9CE95DB3-D520-4DD7-9A8A-13506DE6D17A}.Debug|Any CPU.ActiveCfg = Debug|Any CPU
		{9CE95DB3-D520-4DD7-9A8A-13506DE6D17A}.Debug|Any CPU.Build.0 = Debug|Any CPU
		{9CE95DB3-D520-4DD7-9A8A-13506DE6D17A}.Release|Any CPU.ActiveCfg = Release|Any CPU
		{9CE95DB3-D520-4DD7-9A8A-13506DE6D17A}.Release|Any CPU.Build.0 = Release|Any CPU
	EndGlobalSection
	GlobalSection(SolutionProperties) = preSolution
		HideSolutionNode = FALSE
	EndGlobalSection
EndGlobal
