
Microsoft Visual Studio Solution File, Format Version 12.00
# Visual Studio Version 17
VisualStudioVersion = 17.0.31903.59
MinimumVisualStudioVersion = 10.0.40219.1
Project("{2150E333-8FDC-42A3-9474-1A3956D46DE8}") = "Solution Items", "Solution Items", "{A59DA4E8-21AA-4D88-A452-6C8152C9FE07}"
	ProjectSection(SolutionItems) = preProject
		.editorconfig = .editorconfig
		Directory.Build.props = Directory.Build.props
	EndProjectSection
EndProject
Project("{9A19103F-16F7-4668-BE54-9A1E7A4F7556}") = "JK.Common", "JK.Common\JK.Common.csproj", "{AC77BD4A-BA38-449D-8647-F0B780CEF220}"
EndProject
Project("{9A19103F-16F7-4668-BE54-9A1E7A4F7556}") = "JK.Common.Tests", "JK.Common.Tests\JK.Common.Tests.csproj", "{394FFA2C-7AF4-404E-AAB1-79386F9A0BB3}"
EndProject
Project("{2150E333-8FDC-42A3-9474-1A3956D46DE8}") = "Common", "Common", "{FC6A540F-C7D8-4DEB-B163-5EAD481330B8}"
EndProject
Project("{2150E333-8FDC-42A3-9474-1A3956D46DE8}") = "Common.Data.Sql", "Common.Data.Sql", "{44E22B00-B67C-433A-B346-77F27A004880}"
EndProject
Project("{9A19103F-16F7-4668-BE54-9A1E7A4F7556}") = "JK.Common.Data.Sql", "JK.Common.Data.Sql\JK.Common.Data.Sql.csproj", "{089B730D-F2DE-46D1-BC1E-73F9F01955DC}"
EndProject
Project("{9A19103F-16F7-4668-BE54-9A1E7A4F7556}") = "JK.Common.Data.Sql.Tests", "JK.Common.Data.Sql.Tests\JK.Common.Data.Sql.Tests.csproj", "{B5DEA5BB-7C9A-42D8-B6D6-23B3CC25BA0E}"
EndProject
Project("{2150E333-8FDC-42A3-9474-1A3956D46DE8}") = "Common.EntityFrameworkCore", "Common.EntityFrameworkCore", "{B16FA377-10CE-460E-8EF5-DBFD8D5E0064}"
EndProject
Project("{9A19103F-16F7-4668-BE54-9A1E7A4F7556}") = "JK.Common.EntityFrameworkCore", "JK.Common.EntityFrameworkCore\JK.Common.EntityFrameworkCore.csproj", "{0F676624-1F59-48DE-8164-051A1CEBFF0C}"
EndProject
Project("{9A19103F-16F7-4668-BE54-9A1E7A4F7556}") = "JK.Common.EntityFrameworkCore.Tests", "JK.Common.EntityFrameworkCore.Tests\JK.Common.EntityFrameworkCore.Tests.csproj", "{7424A0E6-D77A-4407-9DE9-3EF46FDFFAB5}"
EndProject
Project("{2150E333-8FDC-42A3-9474-1A3956D46DE8}") = "Common.FluentValidation", "Common.FluentValidation", "{BD186CDA-2173-4C37-A170-785FAFAD4074}"
EndProject
Project("{9A19103F-16F7-4668-BE54-9A1E7A4F7556}") = "JK.Common.FluentValidation", "JK.Common.FluentValidation\JK.Common.FluentValidation.csproj", "{0B8C92D8-8E23-4D66-ABA1-5A9213390B36}"
EndProject
Project("{9A19103F-16F7-4668-BE54-9A1E7A4F7556}") = "JK.Common.FluentValidation.Tests", "JK.Common.FluentValidation.Tests\JK.Common.FluentValidation.Tests.csproj", "{412F2B89-61FA-4E97-AC71-244669E62027}"
EndProject
Project("{2150E333-8FDC-42A3-9474-1A3956D46DE8}") = "Common.EntityFrameworkCore.SqlServer", "Common.EntityFrameworkCore.SqlServer", "{4CF860AF-2AE6-48A3-B263-C1408906F46C}"
EndProject
Project("{9A19103F-16F7-4668-BE54-9A1E7A4F7556}") = "JK.Common.EntityFrameworkCore.SqlServer", "JK.Common.EntityFrameworkCore.SqlServer\JK.Common.EntityFrameworkCore.SqlServer.csproj", "{AC8AFA29-6989-4F3C-B1C8-4520DCF11A3C}"
EndProject
Project("{9A19103F-16F7-4668-BE54-9A1E7A4F7556}") = "JK.Common.Abstractions", "JK.Common.Abstractions\JK.Common.Abstractions.csproj", "{BA8F0E82-64D4-4CBF-9675-7BB87582519B}"
EndProject
Global
	GlobalSection(SolutionConfigurationPlatforms) = preSolution
		Debug|Any CPU = Debug|Any CPU
		Release|Any CPU = Release|Any CPU
	EndGlobalSection
	GlobalSection(ProjectConfigurationPlatforms) = postSolution
		{AC77BD4A-BA38-449D-8647-F0B780CEF220}.Debug|Any CPU.ActiveCfg = Debug|Any CPU
		{AC77BD4A-BA38-449D-8647-F0B780CEF220}.Debug|Any CPU.Build.0 = Debug|Any CPU
		{AC77BD4A-BA38-449D-8647-F0B780CEF220}.Release|Any CPU.ActiveCfg = Release|Any CPU
		{AC77BD4A-BA38-449D-8647-F0B780CEF220}.Release|Any CPU.Build.0 = Release|Any CPU
		{394FFA2C-7AF4-404E-AAB1-79386F9A0BB3}.Debug|Any CPU.ActiveCfg = Debug|Any CPU
		{394FFA2C-7AF4-404E-AAB1-79386F9A0BB3}.Debug|Any CPU.Build.0 = Debug|Any CPU
		{394FFA2C-7AF4-404E-AAB1-79386F9A0BB3}.Release|Any CPU.ActiveCfg = Release|Any CPU
		{394FFA2C-7AF4-404E-AAB1-79386F9A0BB3}.Release|Any CPU.Build.0 = Release|Any CPU
		{089B730D-F2DE-46D1-BC1E-73F9F01955DC}.Debug|Any CPU.ActiveCfg = Debug|Any CPU
		{089B730D-F2DE-46D1-BC1E-73F9F01955DC}.Debug|Any CPU.Build.0 = Debug|Any CPU
		{089B730D-F2DE-46D1-BC1E-73F9F01955DC}.Release|Any CPU.ActiveCfg = Release|Any CPU
		{089B730D-F2DE-46D1-BC1E-73F9F01955DC}.Release|Any CPU.Build.0 = Release|Any CPU
		{B5DEA5BB-7C9A-42D8-B6D6-23B3CC25BA0E}.Debug|Any CPU.ActiveCfg = Debug|Any CPU
		{B5DEA5BB-7C9A-42D8-B6D6-23B3CC25BA0E}.Debug|Any CPU.Build.0 = Debug|Any CPU
		{B5DEA5BB-7C9A-42D8-B6D6-23B3CC25BA0E}.Release|Any CPU.ActiveCfg = Release|Any CPU
		{B5DEA5BB-7C9A-42D8-B6D6-23B3CC25BA0E}.Release|Any CPU.Build.0 = Release|Any CPU
		{0F676624-1F59-48DE-8164-051A1CEBFF0C}.Debug|Any CPU.ActiveCfg = Debug|Any CPU
		{0F676624-1F59-48DE-8164-051A1CEBFF0C}.Debug|Any CPU.Build.0 = Debug|Any CPU
		{0F676624-1F59-48DE-8164-051A1CEBFF0C}.Release|Any CPU.ActiveCfg = Release|Any CPU
		{0F676624-1F59-48DE-8164-051A1CEBFF0C}.Release|Any CPU.Build.0 = Release|Any CPU
		{7424A0E6-D77A-4407-9DE9-3EF46FDFFAB5}.Debug|Any CPU.ActiveCfg = Debug|Any CPU
		{7424A0E6-D77A-4407-9DE9-3EF46FDFFAB5}.Debug|Any CPU.Build.0 = Debug|Any CPU
		{7424A0E6-D77A-4407-9DE9-3EF46FDFFAB5}.Release|Any CPU.ActiveCfg = Release|Any CPU
		{7424A0E6-D77A-4407-9DE9-3EF46FDFFAB5}.Release|Any CPU.Build.0 = Release|Any CPU
		{0B8C92D8-8E23-4D66-ABA1-5A9213390B36}.Debug|Any CPU.ActiveCfg = Debug|Any CPU
		{0B8C92D8-8E23-4D66-ABA1-5A9213390B36}.Debug|Any CPU.Build.0 = Debug|Any CPU
		{0B8C92D8-8E23-4D66-ABA1-5A9213390B36}.Release|Any CPU.ActiveCfg = Release|Any CPU
		{0B8C92D8-8E23-4D66-ABA1-5A9213390B36}.Release|Any CPU.Build.0 = Release|Any CPU
		{412F2B89-61FA-4E97-AC71-244669E62027}.Debug|Any CPU.ActiveCfg = Debug|Any CPU
		{412F2B89-61FA-4E97-AC71-244669E62027}.Debug|Any CPU.Build.0 = Debug|Any CPU
		{412F2B89-61FA-4E97-AC71-244669E62027}.Release|Any CPU.ActiveCfg = Release|Any CPU
		{412F2B89-61FA-4E97-AC71-244669E62027}.Release|Any CPU.Build.0 = Release|Any CPU
		{AC8AFA29-6989-4F3C-B1C8-4520DCF11A3C}.Debug|Any CPU.ActiveCfg = Debug|Any CPU
		{AC8AFA29-6989-4F3C-B1C8-4520DCF11A3C}.Debug|Any CPU.Build.0 = Debug|Any CPU
		{AC8AFA29-6989-4F3C-B1C8-4520DCF11A3C}.Release|Any CPU.ActiveCfg = Release|Any CPU
		{AC8AFA29-6989-4F3C-B1C8-4520DCF11A3C}.Release|Any CPU.Build.0 = Release|Any CPU
		{BA8F0E82-64D4-4CBF-9675-7BB87582519B}.Debug|Any CPU.ActiveCfg = Debug|Any CPU
		{BA8F0E82-64D4-4CBF-9675-7BB87582519B}.Debug|Any CPU.Build.0 = Debug|Any CPU
		{BA8F0E82-64D4-4CBF-9675-7BB87582519B}.Release|Any CPU.ActiveCfg = Release|Any CPU
		{BA8F0E82-64D4-4CBF-9675-7BB87582519B}.Release|Any CPU.Build.0 = Release|Any CPU
	EndGlobalSection
	GlobalSection(SolutionProperties) = preSolution
		HideSolutionNode = FALSE
	EndGlobalSection
	GlobalSection(NestedProjects) = preSolution
		{AC77BD4A-BA38-449D-8647-F0B780CEF220} = {FC6A540F-C7D8-4DEB-B163-5EAD481330B8}
		{394FFA2C-7AF4-404E-AAB1-79386F9A0BB3} = {FC6A540F-C7D8-4DEB-B163-5EAD481330B8}
		{089B730D-F2DE-46D1-BC1E-73F9F01955DC} = {44E22B00-B67C-433A-B346-77F27A004880}
		{B5DEA5BB-7C9A-42D8-B6D6-23B3CC25BA0E} = {44E22B00-B67C-433A-B346-77F27A004880}
		{0F676624-1F59-48DE-8164-051A1CEBFF0C} = {B16FA377-10CE-460E-8EF5-DBFD8D5E0064}
		{7424A0E6-D77A-4407-9DE9-3EF46FDFFAB5} = {B16FA377-10CE-460E-8EF5-DBFD8D5E0064}
		{0B8C92D8-8E23-4D66-ABA1-5A9213390B36} = {BD186CDA-2173-4C37-A170-785FAFAD4074}
		{412F2B89-61FA-4E97-AC71-244669E62027} = {BD186CDA-2173-4C37-A170-785FAFAD4074}
		{AC8AFA29-6989-4F3C-B1C8-4520DCF11A3C} = {4CF860AF-2AE6-48A3-B263-C1408906F46C}
		{BA8F0E82-64D4-4CBF-9675-7BB87582519B} = {FC6A540F-C7D8-4DEB-B163-5EAD481330B8}
	EndGlobalSection
	GlobalSection(ExtensibilityGlobals) = postSolution
		SolutionGuid = {86F24DB4-4BAA-44A9-8A59-08AB826C7CB8}
	EndGlobalSection
EndGlobal
