
Microsoft Visual Studio Solution File, Format Version 12.00
# Visual Studio Version 17
VisualStudioVersion = 17.0.31903.59
MinimumVisualStudioVersion = 10.0.40219.1
Project("{9A19103F-16F7-4668-BE54-9A1E7A4F7556}") = "JK.Common", "JK.Common\JK.Common.csproj", "{496C2C34-DFB8-440E-BA6A-B67F579C7BEE}"
EndProject
Project("{9A19103F-16F7-4668-BE54-9A1E7A4F7556}") = "JK.Common.Tests", "JK.Common.Tests\JK.Common.Tests.csproj", "{B3FFCD85-FBB3-4045-96AA-2434D723BF52}"
EndProject
Project("{2150E333-8FDC-42A3-9474-1A3956D46DE8}") = "Solution Items", "Solution Items", "{A59DA4E8-21AA-4D88-A452-6C8152C9FE07}"
	ProjectSection(SolutionItems) = preProject
		.editorconfig = .editorconfig
	EndProjectSection
EndProject
Global
	GlobalSection(SolutionConfigurationPlatforms) = preSolution
		Debug|Any CPU = Debug|Any CPU
		Release|Any CPU = Release|Any CPU
	EndGlobalSection
	GlobalSection(ProjectConfigurationPlatforms) = postSolution
		{496C2C34-DFB8-440E-BA6A-B67F579C7BEE}.Debug|Any CPU.ActiveCfg = Debug|Any CPU
		{496C2C34-DFB8-440E-BA6A-B67F579C7BEE}.Debug|Any CPU.Build.0 = Debug|Any CPU
		{496C2C34-DFB8-440E-BA6A-B67F579C7BEE}.Release|Any CPU.ActiveCfg = Release|Any CPU
		{496C2C34-DFB8-440E-BA6A-B67F579C7BEE}.Release|Any CPU.Build.0 = Release|Any CPU
		{B3FFCD85-FBB3-4045-96AA-2434D723BF52}.Debug|Any CPU.ActiveCfg = Debug|Any CPU
		{B3FFCD85-FBB3-4045-96AA-2434D723BF52}.Debug|Any CPU.Build.0 = Debug|Any CPU
		{B3FFCD85-FBB3-4045-96AA-2434D723BF52}.Release|Any CPU.ActiveCfg = Release|Any CPU
		{B3FFCD85-FBB3-4045-96AA-2434D723BF52}.Release|Any CPU.Build.0 = Release|Any CPU
	EndGlobalSection
	GlobalSection(SolutionProperties) = preSolution
		HideSolutionNode = FALSE
	EndGlobalSection
	GlobalSection(ExtensibilityGlobals) = postSolution
		SolutionGuid = {86F24DB4-4BAA-44A9-8A59-08AB826C7CB8}
	EndGlobalSection
EndGlobal
