
Microsoft Visual Studio Solution File, Format Version 12.00
# Visual Studio Version 16
VisualStudioVersion = 16.0.30204.135
MinimumVisualStudioVersion = 10.0.40219.1
Project("{FAE04EC0-301F-11D3-BF4B-00C04F79EFBC}") = "JK.Common.FluentValidation", "JK.Common.FluentValidation\JK.Common.FluentValidation.csproj", "{5DAC5472-6121-46C4-9203-4F4B4CB98546}"
EndProject
Global
	GlobalSection(SolutionConfigurationPlatforms) = preSolution
		Debug|Any CPU = Debug|Any CPU
		Release|Any CPU = Release|Any CPU
	EndGlobalSection
	GlobalSection(ProjectConfigurationPlatforms) = postSolution
		{5DAC5472-6121-46C4-9203-4F4B4CB98546}.Debug|Any CPU.ActiveCfg = Debug|Any CPU
		{5DAC5472-6121-46C4-9203-4F4B4CB98546}.Debug|Any CPU.Build.0 = Debug|Any CPU
		{5DAC5472-6121-46C4-9203-4F4B4CB98546}.Release|Any CPU.ActiveCfg = Release|Any CPU
		{5DAC5472-6121-46C4-9203-4F4B4CB98546}.Release|Any CPU.Build.0 = Release|Any CPU
	EndGlobalSection
	GlobalSection(SolutionProperties) = preSolution
		HideSolutionNode = FALSE
	EndGlobalSection
	GlobalSection(ExtensibilityGlobals) = postSolution
		SolutionGuid = {D9703BB2-F16B-43BB-85CB-68755A0500F5}
	EndGlobalSection
EndGlobal
